PODS:
  - TrustVisionAPIFramework (1.0.0)
  - TrustVisionSDKFramework (1.0.0):
    - TrustVisionAPIFramework (~> 1.0.0)

DEPENDENCIES:
  - TrustVisionSDKFramework

SPEC REPOS:
  https://github.com/tsocial/TrustVisionPodspec:
    - TrustVisionAPIFramework
    - TrustVisionSDKFramework

SPEC CHECKSUMS:
  TrustVisionAPIFramework: 48584a7be2722eba9dbb513f0c923c8912026cfb
  TrustVisionSDKFramework: 3bd9b90ef01ecab5ce74112760007e6e481900e3

PODFILE CHECKSUM: e1216a5e27a1265300dff5746d4597ae35f08472

COCOAPODS: 1.6.1
