PODS:
  - TrustVisionAPIFramework (1.0.2)
  - TrustVisionSDKFramework (1.0.2):
    - TrustVisionAPIFramework (~> 1.0.2)

DEPENDENCIES:
  - TrustVisionSDKFramework (= 1.0.2)

SPEC REPOS:
  https://github.com/tsocial/TrustVisionPodspec:
    - TrustVisionAPIFramework
    - TrustVisionSDKFramework

SPEC CHECKSUMS:
  TrustVisionAPIFramework: 11d2768b9bb4826e12b6a1d74889ac5563dda6e2
  TrustVisionSDKFramework: c6e4eed5cfa727e55926facbe6b2907b9c4a0113

PODFILE CHECKSUM: cf03236cc7d320a3de38bcb206ccc4f5e936d00b

COCOAPODS: 1.6.1
