PODS:
  - TrustVisionFramework (1.0.0)

DEPENDENCIES:
  - TrustVisionFramework

SPEC REPOS:
  https://github.com/tsocial/TrustVisionPodspec:
    - TrustVisionFramework

SPEC CHECKSUMS:
  TrustVisionFramework: d4fee5097e6e2cb651f0fbfa5e4276c42d36a69e

PODFILE CHECKSUM: b054b5dc435064974be8b7d246c006ff655a19fb

COCOAPODS: 1.6.1
